{
    "hash": "eb9799dc79642ec8b0cb55a971d9f3b3",
    "packages": [
        {
            "name": "fylhan/multiple-regex-tool",
            "version": "dev-master",
            "source": {
                "type": "git",
                "url": "https://github.com/Fylhan/multiple-regex-tool.git",
                "reference": "4d733ac3f84defb1387231117b3470a9e4345991"
            },
            "type": "library",
            "extra": {
                "icon": "test"
            },
            "scripts": {
                "post-install-cmd": [
                    "install.php"
                ],
                "post-update-cmd": [
                    "update.php"
                ]
            },
            "license": [
                "LGPL-3.0+"
            ],
            "authors": [
                {
                    "name": "Fylhan",
                    "email": "bnmaster@la-bnbox.fr"
                }
            ],
            "description": "PHP Web interface that aims to provide a way to perform several regex searches and replacements on one or several inputs. So, yes, *multiple* is the keyword ;-)",
            "time": "2013-04-05 11:41:07"
        }
    ],
    "packages-dev": [

    ],
    "aliases": [

    ],
    "minimum-stability": "dev",
    "stability-flags": [

    ],
    "platform": [

    ],
    "platform-dev": [

    ]
}
